
Microsoft Visual Studio Solution File, Format Version 12.00
# Visual Studio 14
VisualStudioVersion = 14.0.25420.1
MinimumVisualStudioVersion = 10.0.40219.1
Project("{2150E333-8FDC-42A3-9474-1A3956D46DE8}") = "src", "src", "{270C159F-91E9-44EB-B300-60CBC4449DC6}"
EndProject
Project("{2150E333-8FDC-42A3-9474-1A3956D46DE8}") = "Solution Items", "Solution Items", "{6EED9753-0E54-4E6F-A2D7-44F742994FC3}"
	ProjectSection(SolutionItems) = preProject
		global.json = global.json
	EndProjectSection
EndProject
Project("{8BB2217D-0F2D-49D1-97BC-3654ED321F3B}") = "Repository.Pattern.EF", "src\Repository.Pattern.EF\Repository.Pattern.EF.xproj", "{A2E75697-846A-4C6D-897F-725E1C0224D5}"
EndProject
Project("{8BB2217D-0F2D-49D1-97BC-3654ED321F3B}") = "Repository.Pattern.EF.Test", "src\Repository.Pattern.EF.Test\Repository.Pattern.EF.Test.xproj", "{A4BEA62F-BE80-40BD-8039-841D6A05DD7E}"
EndProject
Global
	GlobalSection(SolutionConfigurationPlatforms) = preSolution
		Debug|Any CPU = Debug|Any CPU
		Release|Any CPU = Release|Any CPU
	EndGlobalSection
	GlobalSection(ProjectConfigurationPlatforms) = postSolution
		{A2E75697-846A-4C6D-897F-725E1C0224D5}.Debug|Any CPU.ActiveCfg = Debug|Any CPU
		{A2E75697-846A-4C6D-897F-725E1C0224D5}.Debug|Any CPU.Build.0 = Debug|Any CPU
		{A2E75697-846A-4C6D-897F-725E1C0224D5}.Release|Any CPU.ActiveCfg = Release|Any CPU
		{A2E75697-846A-4C6D-897F-725E1C0224D5}.Release|Any CPU.Build.0 = Release|Any CPU
		{A4BEA62F-BE80-40BD-8039-841D6A05DD7E}.Debug|Any CPU.ActiveCfg = Debug|Any CPU
		{A4BEA62F-BE80-40BD-8039-841D6A05DD7E}.Debug|Any CPU.Build.0 = Debug|Any CPU
		{A4BEA62F-BE80-40BD-8039-841D6A05DD7E}.Release|Any CPU.ActiveCfg = Release|Any CPU
		{A4BEA62F-BE80-40BD-8039-841D6A05DD7E}.Release|Any CPU.Build.0 = Release|Any CPU
	EndGlobalSection
	GlobalSection(SolutionProperties) = preSolution
		HideSolutionNode = FALSE
	EndGlobalSection
	GlobalSection(NestedProjects) = preSolution
		{A2E75697-846A-4C6D-897F-725E1C0224D5} = {270C159F-91E9-44EB-B300-60CBC4449DC6}
		{A4BEA62F-BE80-40BD-8039-841D6A05DD7E} = {270C159F-91E9-44EB-B300-60CBC4449DC6}
	EndGlobalSection
EndGlobal
